
Microsoft Visual Studio Solution File, Format Version 12.00
# Visual Studio Version 17
VisualStudioVersion = 17.9.34607.119
MinimumVisualStudioVersion = 10.0.40219.1
Project("{FAE04EC0-301F-11D3-BF4B-00C04F79EFBC}") = "client_socket", "UDP_Example\client_socket.csproj", "{47C629CA-58E6-4199-92A3-56FBF2E15C5E}"
EndProject
Project("{FAE04EC0-301F-11D3-BF4B-00C04F79EFBC}") = "server_socket", "server_socket\server_socket.csproj", "{94DCB46E-DF94-42EF-8708-CF4A659152AB}"
EndProject
Project("{FAE04EC0-301F-11D3-BF4B-00C04F79EFBC}") = "server", "server\server.csproj", "{A4962F7B-B61D-44F9-A7EE-94700C7ACE8D}"
EndProject
Project("{FAE04EC0-301F-11D3-BF4B-00C04F79EFBC}") = "client", "client\client.csproj", "{1F8B5CE5-E460-4A18-A563-0395C2DE3662}"
EndProject
Project("{9A19103F-16F7-4668-BE54-9A1E7A4F7556}") = "server2.0", "server2.0\server2.0.csproj", "{BA1DD52F-1C18-4AAD-9E05-094F3D317769}"
EndProject
Project("{9A19103F-16F7-4668-BE54-9A1E7A4F7556}") = "client2.0", "client2.0\client2.0.csproj", "{9C7D123B-28E5-4B0A-A05F-F89B64F1C800}"
EndProject
Project("{FAE04EC0-301F-11D3-BF4B-00C04F79EFBC}") = "client_GUI", "client_GUI\client_GUI.csproj", "{17790090-2B7E-4310-A110-C0D661CCADD6}"
EndProject
Global
	GlobalSection(SolutionConfigurationPlatforms) = preSolution
		Debug|Any CPU = Debug|Any CPU
		Release|Any CPU = Release|Any CPU
	EndGlobalSection
	GlobalSection(ProjectConfigurationPlatforms) = postSolution
		{47C629CA-58E6-4199-92A3-56FBF2E15C5E}.Debug|Any CPU.ActiveCfg = Debug|Any CPU
		{47C629CA-58E6-4199-92A3-56FBF2E15C5E}.Debug|Any CPU.Build.0 = Debug|Any CPU
		{47C629CA-58E6-4199-92A3-56FBF2E15C5E}.Release|Any CPU.ActiveCfg = Release|Any CPU
		{47C629CA-58E6-4199-92A3-56FBF2E15C5E}.Release|Any CPU.Build.0 = Release|Any CPU
		{94DCB46E-DF94-42EF-8708-CF4A659152AB}.Debug|Any CPU.ActiveCfg = Debug|Any CPU
		{94DCB46E-DF94-42EF-8708-CF4A659152AB}.Debug|Any CPU.Build.0 = Debug|Any CPU
		{94DCB46E-DF94-42EF-8708-CF4A659152AB}.Release|Any CPU.ActiveCfg = Release|Any CPU
		{94DCB46E-DF94-42EF-8708-CF4A659152AB}.Release|Any CPU.Build.0 = Release|Any CPU
		{A4962F7B-B61D-44F9-A7EE-94700C7ACE8D}.Debug|Any CPU.ActiveCfg = Debug|Any CPU
		{A4962F7B-B61D-44F9-A7EE-94700C7ACE8D}.Debug|Any CPU.Build.0 = Debug|Any CPU
		{A4962F7B-B61D-44F9-A7EE-94700C7ACE8D}.Release|Any CPU.ActiveCfg = Release|Any CPU
		{A4962F7B-B61D-44F9-A7EE-94700C7ACE8D}.Release|Any CPU.Build.0 = Release|Any CPU
		{1F8B5CE5-E460-4A18-A563-0395C2DE3662}.Debug|Any CPU.ActiveCfg = Debug|Any CPU
		{1F8B5CE5-E460-4A18-A563-0395C2DE3662}.Debug|Any CPU.Build.0 = Debug|Any CPU
		{1F8B5CE5-E460-4A18-A563-0395C2DE3662}.Release|Any CPU.ActiveCfg = Release|Any CPU
		{1F8B5CE5-E460-4A18-A563-0395C2DE3662}.Release|Any CPU.Build.0 = Release|Any CPU
		{BA1DD52F-1C18-4AAD-9E05-094F3D317769}.Debug|Any CPU.ActiveCfg = Debug|Any CPU
		{BA1DD52F-1C18-4AAD-9E05-094F3D317769}.Debug|Any CPU.Build.0 = Debug|Any CPU
		{BA1DD52F-1C18-4AAD-9E05-094F3D317769}.Release|Any CPU.ActiveCfg = Release|Any CPU
		{BA1DD52F-1C18-4AAD-9E05-094F3D317769}.Release|Any CPU.Build.0 = Release|Any CPU
		{9C7D123B-28E5-4B0A-A05F-F89B64F1C800}.Debug|Any CPU.ActiveCfg = Debug|Any CPU
		{9C7D123B-28E5-4B0A-A05F-F89B64F1C800}.Debug|Any CPU.Build.0 = Debug|Any CPU
		{9C7D123B-28E5-4B0A-A05F-F89B64F1C800}.Release|Any CPU.ActiveCfg = Release|Any CPU
		{9C7D123B-28E5-4B0A-A05F-F89B64F1C800}.Release|Any CPU.Build.0 = Release|Any CPU
		{17790090-2B7E-4310-A110-C0D661CCADD6}.Debug|Any CPU.ActiveCfg = Debug|Any CPU
		{17790090-2B7E-4310-A110-C0D661CCADD6}.Debug|Any CPU.Build.0 = Debug|Any CPU
		{17790090-2B7E-4310-A110-C0D661CCADD6}.Release|Any CPU.ActiveCfg = Release|Any CPU
		{17790090-2B7E-4310-A110-C0D661CCADD6}.Release|Any CPU.Build.0 = Release|Any CPU
	EndGlobalSection
	GlobalSection(SolutionProperties) = preSolution
		HideSolutionNode = FALSE
	EndGlobalSection
	GlobalSection(ExtensibilityGlobals) = postSolution
		SolutionGuid = {B33AF7AE-BA7D-4AA8-94BF-8C54E673B644}
	EndGlobalSection
EndGlobal
